
Microsoft Visual Studio Solution File, Format Version 12.00
# Visual Studio Version 17
VisualStudioVersion = 17.5.33318.248
MinimumVisualStudioVersion = 10.0.40219.1
Project("{9A19103F-16F7-4668-BE54-9A1E7A4F7556}") = "Study_UnitTesting_App.DataAccess", "Study_UnitTesting_App.DataAccess\Study_UnitTesting_App.DataAccess.csproj", "{AC093615-A8A0-44F7-883E-45C73DA40BDA}"
EndProject
Project("{9A19103F-16F7-4668-BE54-9A1E7A4F7556}") = "Study_UnitTesting_App.Core", "Study_UnitTesting_App.Core\Study_UnitTesting_App.Core.csproj", "{16C596F0-A9C1-4EC9-A5C4-7660C3F102A5}"
EndProject
Project("{9A19103F-16F7-4668-BE54-9A1E7A4F7556}") = "Study_UnitTesting_App.Model", "Study_UnitTesting_App.Model\Study_UnitTesting_App.Model.csproj", "{40BB09A3-1289-4B0C-9471-D5EFBCCF30B0}"
EndProject
Project("{FAE04EC0-301F-11D3-BF4B-00C04F79EFBC}") = "Study_UnitTesting_App.Web", "Study_UnitTesting_App.Web\Study_UnitTesting_App.Web.csproj", "{C5EB3424-3349-4F23-A8F6-5C1A218FC317}"
EndProject
Global
	GlobalSection(SolutionConfigurationPlatforms) = preSolution
		Debug|Any CPU = Debug|Any CPU
		Release|Any CPU = Release|Any CPU
	EndGlobalSection
	GlobalSection(ProjectConfigurationPlatforms) = postSolution
		{AC093615-A8A0-44F7-883E-45C73DA40BDA}.Debug|Any CPU.ActiveCfg = Debug|Any CPU
		{AC093615-A8A0-44F7-883E-45C73DA40BDA}.Debug|Any CPU.Build.0 = Debug|Any CPU
		{AC093615-A8A0-44F7-883E-45C73DA40BDA}.Release|Any CPU.ActiveCfg = Release|Any CPU
		{AC093615-A8A0-44F7-883E-45C73DA40BDA}.Release|Any CPU.Build.0 = Release|Any CPU
		{16C596F0-A9C1-4EC9-A5C4-7660C3F102A5}.Debug|Any CPU.ActiveCfg = Debug|Any CPU
		{16C596F0-A9C1-4EC9-A5C4-7660C3F102A5}.Debug|Any CPU.Build.0 = Debug|Any CPU
		{16C596F0-A9C1-4EC9-A5C4-7660C3F102A5}.Release|Any CPU.ActiveCfg = Release|Any CPU
		{16C596F0-A9C1-4EC9-A5C4-7660C3F102A5}.Release|Any CPU.Build.0 = Release|Any CPU
		{40BB09A3-1289-4B0C-9471-D5EFBCCF30B0}.Debug|Any CPU.ActiveCfg = Debug|Any CPU
		{40BB09A3-1289-4B0C-9471-D5EFBCCF30B0}.Debug|Any CPU.Build.0 = Debug|Any CPU
		{40BB09A3-1289-4B0C-9471-D5EFBCCF30B0}.Release|Any CPU.ActiveCfg = Release|Any CPU
		{40BB09A3-1289-4B0C-9471-D5EFBCCF30B0}.Release|Any CPU.Build.0 = Release|Any CPU
		{C5EB3424-3349-4F23-A8F6-5C1A218FC317}.Debug|Any CPU.ActiveCfg = Debug|Any CPU
		{C5EB3424-3349-4F23-A8F6-5C1A218FC317}.Debug|Any CPU.Build.0 = Debug|Any CPU
		{C5EB3424-3349-4F23-A8F6-5C1A218FC317}.Release|Any CPU.ActiveCfg = Release|Any CPU
		{C5EB3424-3349-4F23-A8F6-5C1A218FC317}.Release|Any CPU.Build.0 = Release|Any CPU
	EndGlobalSection
	GlobalSection(SolutionProperties) = preSolution
		HideSolutionNode = FALSE
	EndGlobalSection
	GlobalSection(ExtensibilityGlobals) = postSolution
		SolutionGuid = {FA740B89-5CED-4E53-A7D1-20ADD8CB5917}
	EndGlobalSection
EndGlobal
